
Microsoft Visual Studio Solution File, Format Version 12.00
# Visual Studio Version 17
VisualStudioVersion = 17.5.002.0
MinimumVisualStudioVersion = 10.0.40219.1
Project("{9A19103F-16F7-4668-BE54-9A1E7A4F7556}") = "todoApi", "todoApi.csproj", "{3BB9C650-C01E-4B02-B3A1-0D78582A2FA7}"
EndProject
Global
	GlobalSection(SolutionConfigurationPlatforms) = preSolution
		Debug|Any CPU = Debug|Any CPU
		Release|Any CPU = Release|Any CPU
	EndGlobalSection
	GlobalSection(ProjectConfigurationPlatforms) = postSolution
		{3BB9C650-C01E-4B02-B3A1-0D78582A2FA7}.Debug|Any CPU.ActiveCfg = Debug|Any CPU
		{3BB9C650-C01E-4B02-B3A1-0D78582A2FA7}.Debug|Any CPU.Build.0 = Debug|Any CPU
		{3BB9C650-C01E-4B02-B3A1-0D78582A2FA7}.Release|Any CPU.ActiveCfg = Release|Any CPU
		{3BB9C650-C01E-4B02-B3A1-0D78582A2FA7}.Release|Any CPU.Build.0 = Release|Any CPU
	EndGlobalSection
	GlobalSection(SolutionProperties) = preSolution
		HideSolutionNode = FALSE
	EndGlobalSection
	GlobalSection(ExtensibilityGlobals) = postSolution
		SolutionGuid = {78A0C5EE-700F-4886-B1F0-72BD04BF155E}
	EndGlobalSection
EndGlobal
